// !$*UTF8*$!
{
	archiveVersion = 1;
	classes = {
	};
	objectVersion = 48;
	objects = {

/* Begin PBXBuildFile section */
		05346DF41FC6F46200C03A85 /* WordViewCell.xib in Resources */ = {isa = PBXBuildFile; fileRef = 05346DF31FC6F46200C03A85 /* WordViewCell.xib */; };
		05346DF61FC6F5C000C03A85 /* WordViewCell.swift in Sources */ = {isa = PBXBuildFile; fileRef = 05346DF51FC6F5C000C03A85 /* WordViewCell.swift */; };
		05346DFD1FC6F64900C03A85 /* BaseNavigationController.swift in Sources */ = {isa = PBXBuildFile; fileRef = 05346DFC1FC6F64900C03A85 /* BaseNavigationController.swift */; };
		05346DFF1FC6F65700C03A85 /* BaseViewController.swift in Sources */ = {isa = PBXBuildFile; fileRef = 05346DFE1FC6F65700C03A85 /* BaseViewController.swift */; };
		05346E011FC6F67C00C03A85 /* DictionaryNavigationController.swift in Sources */ = {isa = PBXBuildFile; fileRef = 05346E001FC6F67C00C03A85 /* DictionaryNavigationController.swift */; };
		05346E031FC6F69100C03A85 /* FavoriteNavigationController.swift in Sources */ = {isa = PBXBuildFile; fileRef = 05346E021FC6F69100C03A85 /* FavoriteNavigationController.swift */; };
		05346E051FC6F69E00C03A85 /* RecentNavigationController.swift in Sources */ = {isa = PBXBuildFile; fileRef = 05346E041FC6F69E00C03A85 /* RecentNavigationController.swift */; };
		05346E071FC6F6AC00C03A85 /* SettingNavigationController.swift in Sources */ = {isa = PBXBuildFile; fileRef = 05346E061FC6F6AC00C03A85 /* SettingNavigationController.swift */; };
		05346E091FC6F6EF00C03A85 /* DictionaryViewController.swift in Sources */ = {isa = PBXBuildFile; fileRef = 05346E081FC6F6EF00C03A85 /* DictionaryViewController.swift */; };
		054E6FFA1FC589BA003581EC /* AppDelegate.swift in Sources */ = {isa = PBXBuildFile; fileRef = 054E6FEF1FC589BA003581EC /* AppDelegate.swift */; };
		054E6FFB1FC589BA003581EC /* Assets.xcassets in Resources */ = {isa = PBXBuildFile; fileRef = 054E6FF01FC589BA003581EC /* Assets.xcassets */; };
		054E6FFC1FC589BA003581EC /* LaunchScreen.storyboard in Resources */ = {isa = PBXBuildFile; fileRef = 054E6FF11FC589BA003581EC /* LaunchScreen.storyboard */; };
		054E6FFD1FC589BA003581EC /* Main.storyboard in Resources */ = {isa = PBXBuildFile; fileRef = 054E6FF31FC589BA003581EC /* Main.storyboard */; };
		054E6FFE1FC589BA003581EC /* Info.plist in Resources */ = {isa = PBXBuildFile; fileRef = 054E6FF51FC589BA003581EC /* Info.plist */; };
/* End PBXBuildFile section */

/* Begin PBXFileReference section */
		05346DF31FC6F46200C03A85 /* WordViewCell.xib */ = {isa = PBXFileReference; lastKnownFileType = file.xib; path = WordViewCell.xib; sourceTree = "<group>"; };
		05346DF51FC6F5C000C03A85 /* WordViewCell.swift */ = {isa = PBXFileReference; lastKnownFileType = sourcecode.swift; path = WordViewCell.swift; sourceTree = "<group>"; };
		05346DFC1FC6F64900C03A85 /* BaseNavigationController.swift */ = {isa = PBXFileReference; lastKnownFileType = sourcecode.swift; path = BaseNavigationController.swift; sourceTree = "<group>"; };
		05346DFE1FC6F65700C03A85 /* BaseViewController.swift */ = {isa = PBXFileReference; lastKnownFileType = sourcecode.swift; path = BaseViewController.swift; sourceTree = "<group>"; };
		05346E001FC6F67C00C03A85 /* DictionaryNavigationController.swift */ = {isa = PBXFileReference; lastKnownFileType = sourcecode.swift; path = DictionaryNavigationController.swift; sourceTree = "<group>"; };
		05346E021FC6F69100C03A85 /* FavoriteNavigationController.swift */ = {isa = PBXFileReference; lastKnownFileType = sourcecode.swift; path = FavoriteNavigationController.swift; sourceTree = "<group>"; };
		05346E041FC6F69E00C03A85 /* RecentNavigationController.swift */ = {isa = PBXFileReference; lastKnownFileType = sourcecode.swift; path = RecentNavigationController.swift; sourceTree = "<group>"; };
		05346E061FC6F6AC00C03A85 /* SettingNavigationController.swift */ = {isa = PBXFileReference; lastKnownFileType = sourcecode.swift; path = SettingNavigationController.swift; sourceTree = "<group>"; };
		05346E081FC6F6EF00C03A85 /* DictionaryViewController.swift */ = {isa = PBXFileReference; lastKnownFileType = sourcecode.swift; path = DictionaryViewController.swift; sourceTree = "<group>"; };
		054E6FEF1FC589BA003581EC /* AppDelegate.swift */ = {isa = PBXFileReference; fileEncoding = 4; lastKnownFileType = sourcecode.swift; path = AppDelegate.swift; sourceTree = "<group>"; };
		054E6FF01FC589BA003581EC /* Assets.xcassets */ = {isa = PBXFileReference; lastKnownFileType = folder.assetcatalog; path = Assets.xcassets; sourceTree = "<group>"; };
		054E6FF21FC589BA003581EC /* Base */ = {isa = PBXFileReference; lastKnownFileType = file.storyboard; name = Base; path = Base.lproj/LaunchScreen.storyboard; sourceTree = "<group>"; };
		054E6FF41FC589BA003581EC /* Base */ = {isa = PBXFileReference; lastKnownFileType = file.storyboard; name = Base; path = Base.lproj/Main.storyboard; sourceTree = "<group>"; };
		054E6FF51FC589BA003581EC /* Info.plist */ = {isa = PBXFileReference; fileEncoding = 4; lastKnownFileType = text.plist.xml; path = Info.plist; sourceTree = "<group>"; };
		05A2BF6E1FC57B4000E065C8 /* AppDictionary.app */ = {isa = PBXFileReference; explicitFileType = wrapper.application; includeInIndex = 0; path = AppDictionary.app; sourceTree = BUILT_PRODUCTS_DIR; };
/* End PBXFileReference section */

/* Begin PBXFrameworksBuildPhase section */
		05A2BF6B1FC57B4000E065C8 /* Frameworks */ = {
			isa = PBXFrameworksBuildPhase;
			buildActionMask = 2147483647;
			files = (
			);
			runOnlyForDeploymentPostprocessing = 0;
		};
/* End PBXFrameworksBuildPhase section */

/* Begin PBXGroup section */
		05346DF71FC6F63200C03A85 /* Setting */ = {
			isa = PBXGroup;
			children = (
				05346E061FC6F6AC00C03A85 /* SettingNavigationController.swift */,
			);
			path = Setting;
			sourceTree = "<group>";
		};
		05346DF81FC6F63200C03A85 /* Favorite */ = {
			isa = PBXGroup;
			children = (
				05346E021FC6F69100C03A85 /* FavoriteNavigationController.swift */,
			);
			path = Favorite;
			sourceTree = "<group>";
		};
		05346DF91FC6F63200C03A85 /* Recent */ = {
			isa = PBXGroup;
			children = (
				05346E041FC6F69E00C03A85 /* RecentNavigationController.swift */,
			);
			path = Recent;
			sourceTree = "<group>";
		};
		05346DFA1FC6F63200C03A85 /* Dictionary */ = {
			isa = PBXGroup;
			children = (
				05346E001FC6F67C00C03A85 /* DictionaryNavigationController.swift */,
				05346E081FC6F6EF00C03A85 /* DictionaryViewController.swift */,
			);
			path = Dictionary;
			sourceTree = "<group>";
		};
		05346DFB1FC6F63200C03A85 /* Base */ = {
			isa = PBXGroup;
			children = (
				05346DFC1FC6F64900C03A85 /* BaseNavigationController.swift */,
				05346DFE1FC6F65700C03A85 /* BaseViewController.swift */,
			);
			path = Base;
			sourceTree = "<group>";
		};
		054E6FEC1FC589B9003581EC /* Resources */ = {
			isa = PBXGroup;
			children = (
			);
			path = Resources;
			sourceTree = "<group>";
		};
		054E6FED1FC589BA003581EC /* Libraries */ = {
			isa = PBXGroup;
			children = (
			);
			path = Libraries;
			sourceTree = "<group>";
		};
		054E6FEE1FC589BA003581EC /* Application */ = {
			isa = PBXGroup;
			children = (
				054E6FEF1FC589BA003581EC /* AppDelegate.swift */,
				054E6FF01FC589BA003581EC /* Assets.xcassets */,
				054E6FF11FC589BA003581EC /* LaunchScreen.storyboard */,
				054E6FF31FC589BA003581EC /* Main.storyboard */,
				054E6FF51FC589BA003581EC /* Info.plist */,
			);
			path = Application;
			sourceTree = "<group>";
		};
		054E6FF61FC589BA003581EC /* MVC */ = {
			isa = PBXGroup;
			children = (
				054E6FF71FC589BA003581EC /* Controller */,
				054E6FF81FC589BA003581EC /* Model */,
				054E6FF91FC589BA003581EC /* View */,
			);
			path = MVC;
			sourceTree = "<group>";
		};
		054E6FF71FC589BA003581EC /* Controller */ = {
			isa = PBXGroup;
			children = (
				05346DFB1FC6F63200C03A85 /* Base */,
				05346DFA1FC6F63200C03A85 /* Dictionary */,
				05346DF81FC6F63200C03A85 /* Favorite */,
				05346DF91FC6F63200C03A85 /* Recent */,
				05346DF71FC6F63200C03A85 /* Setting */,
			);
			path = Controller;
			sourceTree = "<group>";
		};
		054E6FF81FC589BA003581EC /* Model */ = {
			isa = PBXGroup;
			children = (
			);
			path = Model;
			sourceTree = "<group>";
		};
		054E6FF91FC589BA003581EC /* View */ = {
			isa = PBXGroup;
			children = (
				05346DF31FC6F46200C03A85 /* WordViewCell.xib */,
				05346DF51FC6F5C000C03A85 /* WordViewCell.swift */,
			);
			path = View;
			sourceTree = "<group>";
		};
		05A2BF651FC57B4000E065C8 = {
			isa = PBXGroup;
			children = (
				05A2BF701FC57B4000E065C8 /* AppDictionary */,
				05A2BF6F1FC57B4000E065C8 /* Products */,
			);
			sourceTree = "<group>";
		};
		05A2BF6F1FC57B4000E065C8 /* Products */ = {
			isa = PBXGroup;
			children = (
				05A2BF6E1FC57B4000E065C8 /* AppDictionary.app */,
			);
			name = Products;
			sourceTree = "<group>";
		};
		05A2BF701FC57B4000E065C8 /* AppDictionary */ = {
			isa = PBXGroup;
			children = (
				054E6FEE1FC589BA003581EC /* Application */,
				054E6FED1FC589BA003581EC /* Libraries */,
				054E6FF61FC589BA003581EC /* MVC */,
				054E6FEC1FC589B9003581EC /* Resources */,
			);
			path = AppDictionary;
			sourceTree = "<group>";
		};
/* End PBXGroup section */

/* Begin PBXNativeTarget section */
		05A2BF6D1FC57B4000E065C8 /* AppDictionary */ = {
			isa = PBXNativeTarget;
			buildConfigurationList = 05A2BF801FC57B4000E065C8 /* Build configuration list for PBXNativeTarget "AppDictionary" */;
			buildPhases = (
				05A2BF6A1FC57B4000E065C8 /* Sources */,
				05A2BF6B1FC57B4000E065C8 /* Frameworks */,
				05A2BF6C1FC57B4000E065C8 /* Resources */,
			);
			buildRules = (
			);
			dependencies = (
			);
			name = AppDictionary;
			productName = AppDictionary;
			productReference = 05A2BF6E1FC57B4000E065C8 /* AppDictionary.app */;
			productType = "com.apple.product-type.application";
		};
/* End PBXNativeTarget section */

/* Begin PBXProject section */
		05A2BF661FC57B4000E065C8 /* Project object */ = {
			isa = PBXProject;
			attributes = {
				LastSwiftUpdateCheck = 0910;
				LastUpgradeCheck = 0910;
				ORGANIZATIONNAME = "Thanh Le";
				TargetAttributes = {
					05A2BF6D1FC57B4000E065C8 = {
						CreatedOnToolsVersion = 9.1;
						ProvisioningStyle = Manual;
					};
				};
			};
			buildConfigurationList = 05A2BF691FC57B4000E065C8 /* Build configuration list for PBXProject "AppDictionary" */;
			compatibilityVersion = "Xcode 8.0";
			developmentRegion = en;
			hasScannedForEncodings = 0;
			knownRegions = (
				en,
				Base,
			);
			mainGroup = 05A2BF651FC57B4000E065C8;
			productRefGroup = 05A2BF6F1FC57B4000E065C8 /* Products */;
			projectDirPath = "";
			projectRoot = "";
			targets = (
				05A2BF6D1FC57B4000E065C8 /* AppDictionary */,
			);
		};
/* End PBXProject section */

/* Begin PBXResourcesBuildPhase section */
		05A2BF6C1FC57B4000E065C8 /* Resources */ = {
			isa = PBXResourcesBuildPhase;
			buildActionMask = 2147483647;
			files = (
				05346DF41FC6F46200C03A85 /* WordViewCell.xib in Resources */,
				054E6FFE1FC589BA003581EC /* Info.plist in Resources */,
				054E6FFD1FC589BA003581EC /* Main.storyboard in Resources */,
				054E6FFB1FC589BA003581EC /* Assets.xcassets in Resources */,
				054E6FFC1FC589BA003581EC /* LaunchScreen.storyboard in Resources */,
			);
			runOnlyForDeploymentPostprocessing = 0;
		};
/* End PBXResourcesBuildPhase section */

/* Begin PBXSourcesBuildPhase section */
		05A2BF6A1FC57B4000E065C8 /* Sources */ = {
			isa = PBXSourcesBuildPhase;
			buildActionMask = 2147483647;
			files = (
				05346E091FC6F6EF00C03A85 /* DictionaryViewController.swift in Sources */,
				05346DF61FC6F5C000C03A85 /* WordViewCell.swift in Sources */,
				05346E011FC6F67C00C03A85 /* DictionaryNavigationController.swift in Sources */,
				05346E071FC6F6AC00C03A85 /* SettingNavigationController.swift in Sources */,
				05346DFF1FC6F65700C03A85 /* BaseViewController.swift in Sources */,
				05346E051FC6F69E00C03A85 /* RecentNavigationController.swift in Sources */,
				054E6FFA1FC589BA003581EC /* AppDelegate.swift in Sources */,
				05346DFD1FC6F64900C03A85 /* BaseNavigationController.swift in Sources */,
				05346E031FC6F69100C03A85 /* FavoriteNavigationController.swift in Sources */,
			);
			runOnlyForDeploymentPostprocessing = 0;
		};
/* End PBXSourcesBuildPhase section */

/* Begin PBXVariantGroup section */
		054E6FF11FC589BA003581EC /* LaunchScreen.storyboard */ = {
			isa = PBXVariantGroup;
			children = (
				054E6FF21FC589BA003581EC /* Base */,
			);
			name = LaunchScreen.storyboard;
			sourceTree = "<group>";
		};
		054E6FF31FC589BA003581EC /* Main.storyboard */ = {
			isa = PBXVariantGroup;
			children = (
				054E6FF41FC589BA003581EC /* Base */,
			);
			name = Main.storyboard;
			sourceTree = "<group>";
		};
/* End PBXVariantGroup section */

/* Begin XCBuildConfiguration section */
		05A2BF7E1FC57B4000E065C8 /* Debug */ = {
			isa = XCBuildConfiguration;
			buildSettings = {
				ALWAYS_SEARCH_USER_PATHS = NO;
				CLANG_ANALYZER_NONNULL = YES;
				CLANG_ANALYZER_NUMBER_OBJECT_CONVERSION = YES_AGGRESSIVE;
				CLANG_CXX_LANGUAGE_STANDARD = "gnu++14";
				CLANG_CXX_LIBRARY = "libc++";
				CLANG_ENABLE_MODULES = YES;
				CLANG_ENABLE_OBJC_ARC = YES;
				CLANG_WARN_BLOCK_CAPTURE_AUTORELEASING = YES;
				CLANG_WARN_BOOL_CONVERSION = YES;
				CLANG_WARN_COMMA = YES;
				CLANG_WARN_CONSTANT_CONVERSION = YES;
				CLANG_WARN_DIRECT_OBJC_ISA_USAGE = YES_ERROR;
				CLANG_WARN_DOCUMENTATION_COMMENTS = YES;
				CLANG_WARN_EMPTY_BODY = YES;
				CLANG_WARN_ENUM_CONVERSION = YES;
				CLANG_WARN_INFINITE_RECURSION = YES;
				CLANG_WARN_INT_CONVERSION = YES;
				CLANG_WARN_NON_LITERAL_NULL_CONVERSION = YES;
				CLANG_WARN_OBJC_LITERAL_CONVERSION = YES;
				CLANG_WARN_OBJC_ROOT_CLASS = YES_ERROR;
				CLANG_WARN_RANGE_LOOP_ANALYSIS = YES;
				CLANG_WARN_STRICT_PROTOTYPES = YES;
				CLANG_WARN_SUSPICIOUS_MOVE = YES;
				CLANG_WARN_UNGUARDED_AVAILABILITY = YES_AGGRESSIVE;
				CLANG_WARN_UNREACHABLE_CODE = YES;
				CLANG_WARN__DUPLICATE_METHOD_MATCH = YES;
				CODE_SIGN_IDENTITY = "iPhone Developer";
				COPY_PHASE_STRIP = NO;
				DEBUG_INFORMATION_FORMAT = dwarf;
				ENABLE_STRICT_OBJC_MSGSEND = YES;
				ENABLE_TESTABILITY = YES;
				GCC_C_LANGUAGE_STANDARD = gnu11;
				GCC_DYNAMIC_NO_PIC = NO;
				GCC_NO_COMMON_BLOCKS = YES;
				GCC_OPTIMIZATION_LEVEL = 0;
				GCC_PREPROCESSOR_DEFINITIONS = (
					"DEBUG=1",
					"$(inherited)",
				);
				GCC_WARN_64_TO_32_BIT_CONVERSION = YES;
				GCC_WARN_ABOUT_RETURN_TYPE = YES_ERROR;
				GCC_WARN_UNDECLARED_SELECTOR = YES;
				GCC_WARN_UNINITIALIZED_AUTOS = YES_AGGRESSIVE;
				GCC_WARN_UNUSED_FUNCTION = YES;
				GCC_WARN_UNUSED_VARIABLE = YES;
				IPHONEOS_DEPLOYMENT_TARGET = 11.1;
				MTL_ENABLE_DEBUG_INFO = YES;
				ONLY_ACTIVE_ARCH = YES;
				SDKROOT = iphoneos;
				SWIFT_ACTIVE_COMPILATION_CONDITIONS = DEBUG;
				SWIFT_OPTIMIZATION_LEVEL = "-Onone";
			};
			name = Debug;
		};
		05A2BF7F1FC57B4000E065C8 /* Release */ = {
			isa = XCBuildConfiguration;
			buildSettings = {
				ALWAYS_SEARCH_USER_PATHS = NO;
				CLANG_ANALYZER_NONNULL = YES;
				CLANG_ANALYZER_NUMBER_OBJECT_CONVERSION = YES_AGGRESSIVE;
				CLANG_CXX_LANGUAGE_STANDARD = "gnu++14";
				CLANG_CXX_LIBRARY = "libc++";
				CLANG_ENABLE_MODULES = YES;
				CLANG_ENABLE_OBJC_ARC = YES;
				CLANG_WARN_BLOCK_CAPTURE_AUTORELEASING = YES;
				CLANG_WARN_BOOL_CONVERSION = YES;
				CLANG_WARN_COMMA = YES;
				CLANG_WARN_CONSTANT_CONVERSION = YES;
				CLANG_WARN_DIRECT_OBJC_ISA_USAGE = YES_ERROR;
				CLANG_WARN_DOCUMENTATION_COMMENTS = YES;
				CLANG_WARN_EMPTY_BODY = YES;
				CLANG_WARN_ENUM_CONVERSION = YES;
				CLANG_WARN_INFINITE_RECURSION = YES;
				CLANG_WARN_INT_CONVERSION = YES;
				CLANG_WARN_NON_LITERAL_NULL_CONVERSION = YES;
				CLANG_WARN_OBJC_LITERAL_CONVERSION = YES;
				CLANG_WARN_OBJC_ROOT_CLASS = YES_ERROR;
				CLANG_WARN_RANGE_LOOP_ANALYSIS = YES;
				CLANG_WARN_STRICT_PROTOTYPES = YES;
				CLANG_WARN_SUSPICIOUS_MOVE = YES;
				CLANG_WARN_UNGUARDED_AVAILABILITY = YES_AGGRESSIVE;
				CLANG_WARN_UNREACHABLE_CODE = YES;
				CLANG_WARN__DUPLICATE_METHOD_MATCH = YES;
				CODE_SIGN_IDENTITY = "iPhone Developer";
				COPY_PHASE_STRIP = NO;
				DEBUG_INFORMATION_FORMAT = "dwarf-with-dsym";
				ENABLE_NS_ASSERTIONS = NO;
				ENABLE_STRICT_OBJC_MSGSEND = YES;
				GCC_C_LANGUAGE_STANDARD = gnu11;
				GCC_NO_COMMON_BLOCKS = YES;
				GCC_WARN_64_TO_32_BIT_CONVERSION = YES;
				GCC_WARN_ABOUT_RETURN_TYPE = YES_ERROR;
				GCC_WARN_UNDECLARED_SELECTOR = YES;
				GCC_WARN_UNINITIALIZED_AUTOS = YES_AGGRESSIVE;
				GCC_WARN_UNUSED_FUNCTION = YES;
				GCC_WARN_UNUSED_VARIABLE = YES;
				IPHONEOS_DEPLOYMENT_TARGET = 11.1;
				MTL_ENABLE_DEBUG_INFO = NO;
				SDKROOT = iphoneos;
				SWIFT_OPTIMIZATION_LEVEL = "-Owholemodule";
				VALIDATE_PRODUCT = YES;
			};
			name = Release;
		};
		05A2BF811FC57B4000E065C8 /* Debug */ = {
			isa = XCBuildConfiguration;
			buildSettings = {
				ASSETCATALOG_COMPILER_APPICON_NAME = AppIcon;
				CODE_SIGN_STYLE = Manual;
				DEVELOPMENT_TEAM = "";
				INFOPLIST_FILE = "$(SRCROOT)/AppDictionary/Application/Info.plist";
				LD_RUNPATH_SEARCH_PATHS = "$(inherited) @executable_path/Frameworks";
				PRODUCT_BUNDLE_IDENTIFIER = com.thanhle.AppDictionary;
				PRODUCT_NAME = "$(TARGET_NAME)";
				PROVISIONING_PROFILE_SPECIFIER = "";
				SWIFT_VERSION = 4.0;
				TARGETED_DEVICE_FAMILY = 1;
			};
			name = Debug;
		};
		05A2BF821FC57B4000E065C8 /* Release */ = {
			isa = XCBuildConfiguration;
			buildSettings = {
				ASSETCATALOG_COMPILER_APPICON_NAME = AppIcon;
				CODE_SIGN_STYLE = Manual;
				DEVELOPMENT_TEAM = "";
				INFOPLIST_FILE = "$(SRCROOT)/AppDictionary/Application/Info.plist";
				LD_RUNPATH_SEARCH_PATHS = "$(inherited) @executable_path/Frameworks";
				PRODUCT_BUNDLE_IDENTIFIER = com.thanhle.AppDictionary;
				PRODUCT_NAME = "$(TARGET_NAME)";
				PROVISIONING_PROFILE_SPECIFIER = "";
				SWIFT_VERSION = 4.0;
				TARGETED_DEVICE_FAMILY = 1;
			};
			name = Release;
		};
/* End XCBuildConfiguration section */

/* Begin XCConfigurationList section */
		05A2BF691FC57B4000E065C8 /* Build configuration list for PBXProject "AppDictionary" */ = {
			isa = XCConfigurationList;
			buildConfigurations = (
				05A2BF7E1FC57B4000E065C8 /* Debug */,
				05A2BF7F1FC57B4000E065C8 /* Release */,
			);
			defaultConfigurationIsVisible = 0;
			defaultConfigurationName = Release;
		};
		05A2BF801FC57B4000E065C8 /* Build configuration list for PBXNativeTarget "AppDictionary" */ = {
			isa = XCConfigurationList;
			buildConfigurations = (
				05A2BF811FC57B4000E065C8 /* Debug */,
				05A2BF821FC57B4000E065C8 /* Release */,
			);
			defaultConfigurationIsVisible = 0;
			defaultConfigurationName = Release;
		};
/* End XCConfigurationList section */
	};
	rootObject = 05A2BF661FC57B4000E065C8 /* Project object */;
}
